
Microsoft Visual Studio Solution File, Format Version 12.00
# Visual Studio 14
VisualStudioVersion = 14.0.24720.0
MinimumVisualStudioVersion = 10.0.40219.1
Project("{FAE04EC0-301F-11D3-BF4B-00C04F79EFBC}") = "App1", "App1\App1.csproj", "{2E4D2605-A872-48A4-BBE6-3B196D23D4A3}"
EndProject
Project("{FAE04EC0-301F-11D3-BF4B-00C04F79EFBC}") = "UnitTestProject1", "UnitTestProject1\UnitTestProject1.csproj", "{A8EF9E83-40B3-4D30-801B-92FD81E35EA1}"
EndProject
Project("{FAE04EC0-301F-11D3-BF4B-00C04F79EFBC}") = "CodedUITestProject1", "CodedUITestProject1\CodedUITestProject1.csproj", "{1CE16818-AF47-4379-8024-9ECD213046E6}"
EndProject
Project("{FAE04EC0-301F-11D3-BF4B-00C04F79EFBC}") = "ClassLibrary1", "ClassLibrary1\ClassLibrary1.csproj", "{6D0E8F5E-BCF7-42F0-8625-9C8F1673981B}"
EndProject
Project("{FAE04EC0-301F-11D3-BF4B-00C04F79EFBC}") = "RuntimeComponent1", "RuntimeComponent1\RuntimeComponent1.csproj", "{155121BC-FACF-4833-BCF2-FC28B0E842BD}"
EndProject
Project("{FAE04EC0-301F-11D3-BF4B-00C04F79EFBC}") = "WpfApplication1", "WpfApplication1\WpfApplication1.csproj", "{73CC37B1-74EA-415A-AC49-3A4183EAB356}"
EndProject
Project("{FAE04EC0-301F-11D3-BF4B-00C04F79EFBC}") = "WindowsFormsApplication1", "WindowsFormsApplication1\WindowsFormsApplication1.csproj", "{CFCE71D4-0764-4647-9872-C66D6B8D61F3}"
EndProject
Global
	GlobalSection(SolutionConfigurationPlatforms) = preSolution
		Debug|Any CPU = Debug|Any CPU
		Debug|ARM = Debug|ARM
		Debug|x64 = Debug|x64
		Debug|x86 = Debug|x86
		Release|Any CPU = Release|Any CPU
		Release|ARM = Release|ARM
		Release|x64 = Release|x64
		Release|x86 = Release|x86
	EndGlobalSection
	GlobalSection(ProjectConfigurationPlatforms) = postSolution
		{2E4D2605-A872-48A4-BBE6-3B196D23D4A3}.Debug|Any CPU.ActiveCfg = Debug|x86
		{2E4D2605-A872-48A4-BBE6-3B196D23D4A3}.Debug|ARM.ActiveCfg = Debug|ARM
		{2E4D2605-A872-48A4-BBE6-3B196D23D4A3}.Debug|ARM.Build.0 = Debug|ARM
		{2E4D2605-A872-48A4-BBE6-3B196D23D4A3}.Debug|ARM.Deploy.0 = Debug|ARM
		{2E4D2605-A872-48A4-BBE6-3B196D23D4A3}.Debug|x64.ActiveCfg = Debug|x64
		{2E4D2605-A872-48A4-BBE6-3B196D23D4A3}.Debug|x64.Build.0 = Debug|x64
		{2E4D2605-A872-48A4-BBE6-3B196D23D4A3}.Debug|x64.Deploy.0 = Debug|x64
		{2E4D2605-A872-48A4-BBE6-3B196D23D4A3}.Debug|x86.ActiveCfg = Debug|x86
		{2E4D2605-A872-48A4-BBE6-3B196D23D4A3}.Debug|x86.Build.0 = Debug|x86
		{2E4D2605-A872-48A4-BBE6-3B196D23D4A3}.Debug|x86.Deploy.0 = Debug|x86
		{2E4D2605-A872-48A4-BBE6-3B196D23D4A3}.Release|Any CPU.ActiveCfg = Release|x86
		{2E4D2605-A872-48A4-BBE6-3B196D23D4A3}.Release|ARM.ActiveCfg = Release|ARM
		{2E4D2605-A872-48A4-BBE6-3B196D23D4A3}.Release|ARM.Build.0 = Release|ARM
		{2E4D2605-A872-48A4-BBE6-3B196D23D4A3}.Release|ARM.Deploy.0 = Release|ARM
		{2E4D2605-A872-48A4-BBE6-3B196D23D4A3}.Release|x64.ActiveCfg = Release|x64
		{2E4D2605-A872-48A4-BBE6-3B196D23D4A3}.Release|x64.Build.0 = Release|x64
		{2E4D2605-A872-48A4-BBE6-3B196D23D4A3}.Release|x64.Deploy.0 = Release|x64
		{2E4D2605-A872-48A4-BBE6-3B196D23D4A3}.Release|x86.ActiveCfg = Release|x86
		{2E4D2605-A872-48A4-BBE6-3B196D23D4A3}.Release|x86.Build.0 = Release|x86
		{2E4D2605-A872-48A4-BBE6-3B196D23D4A3}.Release|x86.Deploy.0 = Release|x86
		{A8EF9E83-40B3-4D30-801B-92FD81E35EA1}.Debug|Any CPU.ActiveCfg = Debug|x86
		{A8EF9E83-40B3-4D30-801B-92FD81E35EA1}.Debug|ARM.ActiveCfg = Debug|ARM
		{A8EF9E83-40B3-4D30-801B-92FD81E35EA1}.Debug|ARM.Build.0 = Debug|ARM
		{A8EF9E83-40B3-4D30-801B-92FD81E35EA1}.Debug|ARM.Deploy.0 = Debug|ARM
		{A8EF9E83-40B3-4D30-801B-92FD81E35EA1}.Debug|x64.ActiveCfg = Debug|x64
		{A8EF9E83-40B3-4D30-801B-92FD81E35EA1}.Debug|x64.Build.0 = Debug|x64
		{A8EF9E83-40B3-4D30-801B-92FD81E35EA1}.Debug|x64.Deploy.0 = Debug|x64
		{A8EF9E83-40B3-4D30-801B-92FD81E35EA1}.Debug|x86.ActiveCfg = Debug|x86
		{A8EF9E83-40B3-4D30-801B-92FD81E35EA1}.Debug|x86.Build.0 = Debug|x86
		{A8EF9E83-40B3-4D30-801B-92FD81E35EA1}.Debug|x86.Deploy.0 = Debug|x86
		{A8EF9E83-40B3-4D30-801B-92FD81E35EA1}.Release|Any CPU.ActiveCfg = Release|x86
		{A8EF9E83-40B3-4D30-801B-92FD81E35EA1}.Release|ARM.ActiveCfg = Release|ARM
		{A8EF9E83-40B3-4D30-801B-92FD81E35EA1}.Release|ARM.Build.0 = Release|ARM
		{A8EF9E83-40B3-4D30-801B-92FD81E35EA1}.Release|ARM.Deploy.0 = Release|ARM
		{A8EF9E83-40B3-4D30-801B-92FD81E35EA1}.Release|x64.ActiveCfg = Release|x64
		{A8EF9E83-40B3-4D30-801B-92FD81E35EA1}.Release|x64.Build.0 = Release|x64
		{A8EF9E83-40B3-4D30-801B-92FD81E35EA1}.Release|x64.Deploy.0 = Release|x64
		{A8EF9E83-40B3-4D30-801B-92FD81E35EA1}.Release|x86.ActiveCfg = Release|x86
		{A8EF9E83-40B3-4D30-801B-92FD81E35EA1}.Release|x86.Build.0 = Release|x86
		{A8EF9E83-40B3-4D30-801B-92FD81E35EA1}.Release|x86.Deploy.0 = Release|x86
		{1CE16818-AF47-4379-8024-9ECD213046E6}.Debug|Any CPU.ActiveCfg = Debug|Any CPU
		{1CE16818-AF47-4379-8024-9ECD213046E6}.Debug|Any CPU.Build.0 = Debug|Any CPU
		{1CE16818-AF47-4379-8024-9ECD213046E6}.Debug|ARM.ActiveCfg = Debug|Any CPU
		{1CE16818-AF47-4379-8024-9ECD213046E6}.Debug|ARM.Build.0 = Debug|Any CPU
		{1CE16818-AF47-4379-8024-9ECD213046E6}.Debug|x64.ActiveCfg = Debug|Any CPU
		{1CE16818-AF47-4379-8024-9ECD213046E6}.Debug|x64.Build.0 = Debug|Any CPU
		{1CE16818-AF47-4379-8024-9ECD213046E6}.Debug|x86.ActiveCfg = Debug|Any CPU
		{1CE16818-AF47-4379-8024-9ECD213046E6}.Debug|x86.Build.0 = Debug|Any CPU
		{1CE16818-AF47-4379-8024-9ECD213046E6}.Release|Any CPU.ActiveCfg = Release|Any CPU
		{1CE16818-AF47-4379-8024-9ECD213046E6}.Release|Any CPU.Build.0 = Release|Any CPU
		{1CE16818-AF47-4379-8024-9ECD213046E6}.Release|ARM.ActiveCfg = Release|Any CPU
		{1CE16818-AF47-4379-8024-9ECD213046E6}.Release|ARM.Build.0 = Release|Any CPU
		{1CE16818-AF47-4379-8024-9ECD213046E6}.Release|x64.ActiveCfg = Release|Any CPU
		{1CE16818-AF47-4379-8024-9ECD213046E6}.Release|x64.Build.0 = Release|Any CPU
		{1CE16818-AF47-4379-8024-9ECD213046E6}.Release|x86.ActiveCfg = Release|Any CPU
		{1CE16818-AF47-4379-8024-9ECD213046E6}.Release|x86.Build.0 = Release|Any CPU
		{6D0E8F5E-BCF7-42F0-8625-9C8F1673981B}.Debug|Any CPU.ActiveCfg = Debug|Any CPU
		{6D0E8F5E-BCF7-42F0-8625-9C8F1673981B}.Debug|Any CPU.Build.0 = Debug|Any CPU
		{6D0E8F5E-BCF7-42F0-8625-9C8F1673981B}.Debug|ARM.ActiveCfg = Debug|ARM
		{6D0E8F5E-BCF7-42F0-8625-9C8F1673981B}.Debug|ARM.Build.0 = Debug|ARM
		{6D0E8F5E-BCF7-42F0-8625-9C8F1673981B}.Debug|x64.ActiveCfg = Debug|x64
		{6D0E8F5E-BCF7-42F0-8625-9C8F1673981B}.Debug|x64.Build.0 = Debug|x64
		{6D0E8F5E-BCF7-42F0-8625-9C8F1673981B}.Debug|x86.ActiveCfg = Debug|x86
		{6D0E8F5E-BCF7-42F0-8625-9C8F1673981B}.Debug|x86.Build.0 = Debug|x86
		{6D0E8F5E-BCF7-42F0-8625-9C8F1673981B}.Release|Any CPU.ActiveCfg = Release|Any CPU
		{6D0E8F5E-BCF7-42F0-8625-9C8F1673981B}.Release|Any CPU.Build.0 = Release|Any CPU
		{6D0E8F5E-BCF7-42F0-8625-9C8F1673981B}.Release|ARM.ActiveCfg = Release|ARM
		{6D0E8F5E-BCF7-42F0-8625-9C8F1673981B}.Release|ARM.Build.0 = Release|ARM
		{6D0E8F5E-BCF7-42F0-8625-9C8F1673981B}.Release|x64.ActiveCfg = Release|x64
		{6D0E8F5E-BCF7-42F0-8625-9C8F1673981B}.Release|x64.Build.0 = Release|x64
		{6D0E8F5E-BCF7-42F0-8625-9C8F1673981B}.Release|x86.ActiveCfg = Release|x86
		{6D0E8F5E-BCF7-42F0-8625-9C8F1673981B}.Release|x86.Build.0 = Release|x86
		{155121BC-FACF-4833-BCF2-FC28B0E842BD}.Debug|Any CPU.ActiveCfg = Debug|Any CPU
		{155121BC-FACF-4833-BCF2-FC28B0E842BD}.Debug|Any CPU.Build.0 = Debug|Any CPU
		{155121BC-FACF-4833-BCF2-FC28B0E842BD}.Debug|ARM.ActiveCfg = Debug|ARM
		{155121BC-FACF-4833-BCF2-FC28B0E842BD}.Debug|ARM.Build.0 = Debug|ARM
		{155121BC-FACF-4833-BCF2-FC28B0E842BD}.Debug|x64.ActiveCfg = Debug|x64
		{155121BC-FACF-4833-BCF2-FC28B0E842BD}.Debug|x64.Build.0 = Debug|x64
		{155121BC-FACF-4833-BCF2-FC28B0E842BD}.Debug|x86.ActiveCfg = Debug|x86
		{155121BC-FACF-4833-BCF2-FC28B0E842BD}.Debug|x86.Build.0 = Debug|x86
		{155121BC-FACF-4833-BCF2-FC28B0E842BD}.Release|Any CPU.ActiveCfg = Release|Any CPU
		{155121BC-FACF-4833-BCF2-FC28B0E842BD}.Release|Any CPU.Build.0 = Release|Any CPU
		{155121BC-FACF-4833-BCF2-FC28B0E842BD}.Release|ARM.ActiveCfg = Release|ARM
		{155121BC-FACF-4833-BCF2-FC28B0E842BD}.Release|ARM.Build.0 = Release|ARM
		{155121BC-FACF-4833-BCF2-FC28B0E842BD}.Release|x64.ActiveCfg = Release|x64
		{155121BC-FACF-4833-BCF2-FC28B0E842BD}.Release|x64.Build.0 = Release|x64
		{155121BC-FACF-4833-BCF2-FC28B0E842BD}.Release|x86.ActiveCfg = Release|x86
		{155121BC-FACF-4833-BCF2-FC28B0E842BD}.Release|x86.Build.0 = Release|x86
		{73CC37B1-74EA-415A-AC49-3A4183EAB356}.Debug|Any CPU.ActiveCfg = Debug|Any CPU
		{73CC37B1-74EA-415A-AC49-3A4183EAB356}.Debug|Any CPU.Build.0 = Debug|Any CPU
		{73CC37B1-74EA-415A-AC49-3A4183EAB356}.Debug|ARM.ActiveCfg = Debug|Any CPU
		{73CC37B1-74EA-415A-AC49-3A4183EAB356}.Debug|ARM.Build.0 = Debug|Any CPU
		{73CC37B1-74EA-415A-AC49-3A4183EAB356}.Debug|x64.ActiveCfg = Debug|Any CPU
		{73CC37B1-74EA-415A-AC49-3A4183EAB356}.Debug|x64.Build.0 = Debug|Any CPU
		{73CC37B1-74EA-415A-AC49-3A4183EAB356}.Debug|x86.ActiveCfg = Debug|Any CPU
		{73CC37B1-74EA-415A-AC49-3A4183EAB356}.Debug|x86.Build.0 = Debug|Any CPU
		{73CC37B1-74EA-415A-AC49-3A4183EAB356}.Release|Any CPU.ActiveCfg = Release|Any CPU
		{73CC37B1-74EA-415A-AC49-3A4183EAB356}.Release|Any CPU.Build.0 = Release|Any CPU
		{73CC37B1-74EA-415A-AC49-3A4183EAB356}.Release|ARM.ActiveCfg = Release|Any CPU
		{73CC37B1-74EA-415A-AC49-3A4183EAB356}.Release|ARM.Build.0 = Release|Any CPU
		{73CC37B1-74EA-415A-AC49-3A4183EAB356}.Release|x64.ActiveCfg = Release|Any CPU
		{73CC37B1-74EA-415A-AC49-3A4183EAB356}.Release|x64.Build.0 = Release|Any CPU
		{73CC37B1-74EA-415A-AC49-3A4183EAB356}.Release|x86.ActiveCfg = Release|Any CPU
		{73CC37B1-74EA-415A-AC49-3A4183EAB356}.Release|x86.Build.0 = Release|Any CPU
		{CFCE71D4-0764-4647-9872-C66D6B8D61F3}.Debug|Any CPU.ActiveCfg = Debug|Any CPU
		{CFCE71D4-0764-4647-9872-C66D6B8D61F3}.Debug|Any CPU.Build.0 = Debug|Any CPU
		{CFCE71D4-0764-4647-9872-C66D6B8D61F3}.Debug|ARM.ActiveCfg = Debug|Any CPU
		{CFCE71D4-0764-4647-9872-C66D6B8D61F3}.Debug|ARM.Build.0 = Debug|Any CPU
		{CFCE71D4-0764-4647-9872-C66D6B8D61F3}.Debug|x64.ActiveCfg = Debug|Any CPU
		{CFCE71D4-0764-4647-9872-C66D6B8D61F3}.Debug|x64.Build.0 = Debug|Any CPU
		{CFCE71D4-0764-4647-9872-C66D6B8D61F3}.Debug|x86.ActiveCfg = Debug|Any CPU
		{CFCE71D4-0764-4647-9872-C66D6B8D61F3}.Debug|x86.Build.0 = Debug|Any CPU
		{CFCE71D4-0764-4647-9872-C66D6B8D61F3}.Release|Any CPU.ActiveCfg = Release|Any CPU
		{CFCE71D4-0764-4647-9872-C66D6B8D61F3}.Release|Any CPU.Build.0 = Release|Any CPU
		{CFCE71D4-0764-4647-9872-C66D6B8D61F3}.Release|ARM.ActiveCfg = Release|Any CPU
		{CFCE71D4-0764-4647-9872-C66D6B8D61F3}.Release|ARM.Build.0 = Release|Any CPU
		{CFCE71D4-0764-4647-9872-C66D6B8D61F3}.Release|x64.ActiveCfg = Release|Any CPU
		{CFCE71D4-0764-4647-9872-C66D6B8D61F3}.Release|x64.Build.0 = Release|Any CPU
		{CFCE71D4-0764-4647-9872-C66D6B8D61F3}.Release|x86.ActiveCfg = Release|Any CPU
		{CFCE71D4-0764-4647-9872-C66D6B8D61F3}.Release|x86.Build.0 = Release|Any CPU
	EndGlobalSection
	GlobalSection(SolutionProperties) = preSolution
		HideSolutionNode = FALSE
	EndGlobalSection
EndGlobal
